
Microsoft Visual Studio Solution File, Format Version 12.00
# Visual Studio Version 16
VisualStudioVersion = 16.0.30717.126
MinimumVisualStudioVersion = 10.0.40219.1
Project("{FAE04EC0-301F-11D3-BF4B-00C04F79EFBC}") = "Zadanie_1_1", "Zadanie_1_1\Zadanie_1_1.csproj", "{7C4E5D9C-E8F4-440A-AB07-F638C70DBFFD}"
EndProject
Global
	GlobalSection(SolutionConfigurationPlatforms) = preSolution
		Debug|Any CPU = Debug|Any CPU
		Release|Any CPU = Release|Any CPU
	EndGlobalSection
	GlobalSection(ProjectConfigurationPlatforms) = postSolution
		{7C4E5D9C-E8F4-440A-AB07-F638C70DBFFD}.Debug|Any CPU.ActiveCfg = Debug|Any CPU
		{7C4E5D9C-E8F4-440A-AB07-F638C70DBFFD}.Debug|Any CPU.Build.0 = Debug|Any CPU
		{7C4E5D9C-E8F4-440A-AB07-F638C70DBFFD}.Release|Any CPU.ActiveCfg = Release|Any CPU
		{7C4E5D9C-E8F4-440A-AB07-F638C70DBFFD}.Release|Any CPU.Build.0 = Release|Any CPU
	EndGlobalSection
	GlobalSection(SolutionProperties) = preSolution
		HideSolutionNode = FALSE
	EndGlobalSection
	GlobalSection(ExtensibilityGlobals) = postSolution
		SolutionGuid = {3859314B-657F-43D4-BB75-6602E26D51D7}
	EndGlobalSection
EndGlobal
